// !$*UTF8*$!
{
	archiveVersion = 1;
	classes = {
	};
	objectVersion = 46;
	objects = {

/* Begin PBXBuildFile section */
		F250CB9B1F06462900EEE615 /* AppDelegate.swift in Sources */ = {isa = PBXBuildFile; fileRef = F250CB9A1F06462900EEE615 /* AppDelegate.swift */; };
		F250CB9D1F06462900EEE615 /* MasterViewController.swift in Sources */ = {isa = PBXBuildFile; fileRef = F250CB9C1F06462900EEE615 /* MasterViewController.swift */; };
		F250CBA01F06462900EEE615 /* Main.storyboard in Resources */ = {isa = PBXBuildFile; fileRef = F250CB9E1F06462900EEE615 /* Main.storyboard */; };
		F250CBA21F06462900EEE615 /* Assets.xcassets in Resources */ = {isa = PBXBuildFile; fileRef = F250CBA11F06462900EEE615 /* Assets.xcassets */; };
		F250CBA51F06462900EEE615 /* LaunchScreen.storyboard in Resources */ = {isa = PBXBuildFile; fileRef = F250CBA31F06462900EEE615 /* LaunchScreen.storyboard */; };
		F250CBB01F06462900EEE615 /* StatusBarTests.swift in Sources */ = {isa = PBXBuildFile; fileRef = F250CBAF1F06462900EEE615 /* StatusBarTests.swift */; };
		F250CBBB1F06462900EEE615 /* StatusBarUITests.swift in Sources */ = {isa = PBXBuildFile; fileRef = F250CBBA1F06462900EEE615 /* StatusBarUITests.swift */; };
		F250CBC91F0646E300EEE615 /* DetailViewController.swift in Sources */ = {isa = PBXBuildFile; fileRef = F250CBC81F0646E300EEE615 /* DetailViewController.swift */; };
/* End PBXBuildFile section */

/* Begin PBXContainerItemProxy section */
		F250CBAC1F06462900EEE615 /* PBXContainerItemProxy */ = {
			isa = PBXContainerItemProxy;
			containerPortal = F250CB8F1F06462900EEE615 /* Project object */;
			proxyType = 1;
			remoteGlobalIDString = F250CB961F06462900EEE615;
			remoteInfo = StatusBar;
		};
		F250CBB71F06462900EEE615 /* PBXContainerItemProxy */ = {
			isa = PBXContainerItemProxy;
			containerPortal = F250CB8F1F06462900EEE615 /* Project object */;
			proxyType = 1;
			remoteGlobalIDString = F250CB961F06462900EEE615;
			remoteInfo = StatusBar;
		};
/* End PBXContainerItemProxy section */

/* Begin PBXFileReference section */
		F250CB971F06462900EEE615 /* StatusBar.app */ = {isa = PBXFileReference; explicitFileType = wrapper.application; includeInIndex = 0; path = StatusBar.app; sourceTree = BUILT_PRODUCTS_DIR; };
		F250CB9A1F06462900EEE615 /* AppDelegate.swift */ = {isa = PBXFileReference; lastKnownFileType = sourcecode.swift; path = AppDelegate.swift; sourceTree = "<group>"; };
		F250CB9C1F06462900EEE615 /* MasterViewController.swift */ = {isa = PBXFileReference; lastKnownFileType = sourcecode.swift; path = MasterViewController.swift; sourceTree = "<group>"; };
		F250CB9F1F06462900EEE615 /* Base */ = {isa = PBXFileReference; lastKnownFileType = file.storyboard; name = Base; path = Base.lproj/Main.storyboard; sourceTree = "<group>"; };
		F250CBA11F06462900EEE615 /* Assets.xcassets */ = {isa = PBXFileReference; lastKnownFileType = folder.assetcatalog; path = Assets.xcassets; sourceTree = "<group>"; };
		F250CBA41F06462900EEE615 /* Base */ = {isa = PBXFileReference; lastKnownFileType = file.storyboard; name = Base; path = Base.lproj/LaunchScreen.storyboard; sourceTree = "<group>"; };
		F250CBA61F06462900EEE615 /* Info.plist */ = {isa = PBXFileReference; lastKnownFileType = text.plist.xml; path = Info.plist; sourceTree = "<group>"; };
		F250CBAB1F06462900EEE615 /* StatusBarTests.xctest */ = {isa = PBXFileReference; explicitFileType = wrapper.cfbundle; includeInIndex = 0; path = StatusBarTests.xctest; sourceTree = BUILT_PRODUCTS_DIR; };
		F250CBAF1F06462900EEE615 /* StatusBarTests.swift */ = {isa = PBXFileReference; lastKnownFileType = sourcecode.swift; path = StatusBarTests.swift; sourceTree = "<group>"; };
		F250CBB11F06462900EEE615 /* Info.plist */ = {isa = PBXFileReference; lastKnownFileType = text.plist.xml; path = Info.plist; sourceTree = "<group>"; };
		F250CBB61F06462900EEE615 /* StatusBarUITests.xctest */ = {isa = PBXFileReference; explicitFileType = wrapper.cfbundle; includeInIndex = 0; path = StatusBarUITests.xctest; sourceTree = BUILT_PRODUCTS_DIR; };
		F250CBBA1F06462900EEE615 /* StatusBarUITests.swift */ = {isa = PBXFileReference; lastKnownFileType = sourcecode.swift; path = StatusBarUITests.swift; sourceTree = "<group>"; };
		F250CBBC1F06462900EEE615 /* Info.plist */ = {isa = PBXFileReference; lastKnownFileType = text.plist.xml; path = Info.plist; sourceTree = "<group>"; };
		F250CBC81F0646E300EEE615 /* DetailViewController.swift */ = {isa = PBXFileReference; fileEncoding = 4; lastKnownFileType = sourcecode.swift; path = DetailViewController.swift; sourceTree = "<group>"; };
/* End PBXFileReference section */

/* Begin PBXFrameworksBuildPhase section */
		F250CB941F06462900EEE615 /* Frameworks */ = {
			isa = PBXFrameworksBuildPhase;
			buildActionMask = 2147483647;
			files = (
			);
			runOnlyForDeploymentPostprocessing = 0;
		};
		F250CBA81F06462900EEE615 /* Frameworks */ = {
			isa = PBXFrameworksBuildPhase;
			buildActionMask = 2147483647;
			files = (
			);
			runOnlyForDeploymentPostprocessing = 0;
		};
		F250CBB31F06462900EEE615 /* Frameworks */ = {
			isa = PBXFrameworksBuildPhase;
			buildActionMask = 2147483647;
			files = (
			);
			runOnlyForDeploymentPostprocessing = 0;
		};
/* End PBXFrameworksBuildPhase section */

/* Begin PBXGroup section */
		F250CB8E1F06462900EEE615 = {
			isa = PBXGroup;
			children = (
				F250CB991F06462900EEE615 /* StatusBar */,
				F250CBAE1F06462900EEE615 /* StatusBarTests */,
				F250CBB91F06462900EEE615 /* StatusBarUITests */,
				F250CB981F06462900EEE615 /* Products */,
			);
			sourceTree = "<group>";
		};
		F250CB981F06462900EEE615 /* Products */ = {
			isa = PBXGroup;
			children = (
				F250CB971F06462900EEE615 /* StatusBar.app */,
				F250CBAB1F06462900EEE615 /* StatusBarTests.xctest */,
				F250CBB61F06462900EEE615 /* StatusBarUITests.xctest */,
			);
			name = Products;
			sourceTree = "<group>";
		};
		F250CB991F06462900EEE615 /* StatusBar */ = {
			isa = PBXGroup;
			children = (
				F250CB9A1F06462900EEE615 /* AppDelegate.swift */,
				F250CB9C1F06462900EEE615 /* MasterViewController.swift */,
				F250CBC81F0646E300EEE615 /* DetailViewController.swift */,
				F250CB9E1F06462900EEE615 /* Main.storyboard */,
				F250CBA11F06462900EEE615 /* Assets.xcassets */,
				F250CBA31F06462900EEE615 /* LaunchScreen.storyboard */,
				F250CBA61F06462900EEE615 /* Info.plist */,
			);
			path = StatusBar;
			sourceTree = "<group>";
		};
		F250CBAE1F06462900EEE615 /* StatusBarTests */ = {
			isa = PBXGroup;
			children = (
				F250CBAF1F06462900EEE615 /* StatusBarTests.swift */,
				F250CBB11F06462900EEE615 /* Info.plist */,
			);
			path = StatusBarTests;
			sourceTree = "<group>";
		};
		F250CBB91F06462900EEE615 /* StatusBarUITests */ = {
			isa = PBXGroup;
			children = (
				F250CBBA1F06462900EEE615 /* StatusBarUITests.swift */,
				F250CBBC1F06462900EEE615 /* Info.plist */,
			);
			path = StatusBarUITests;
			sourceTree = "<group>";
		};
/* End PBXGroup section */

/* Begin PBXNativeTarget section */
		F250CB961F06462900EEE615 /* StatusBar */ = {
			isa = PBXNativeTarget;
			buildConfigurationList = F250CBBF1F06462900EEE615 /* Build configuration list for PBXNativeTarget "StatusBar" */;
			buildPhases = (
				F250CB931F06462900EEE615 /* Sources */,
				F250CB941F06462900EEE615 /* Frameworks */,
				F250CB951F06462900EEE615 /* Resources */,
			);
			buildRules = (
			);
			dependencies = (
			);
			name = StatusBar;
			productName = StatusBar;
			productReference = F250CB971F06462900EEE615 /* StatusBar.app */;
			productType = "com.apple.product-type.application";
		};
		F250CBAA1F06462900EEE615 /* StatusBarTests */ = {
			isa = PBXNativeTarget;
			buildConfigurationList = F250CBC21F06462900EEE615 /* Build configuration list for PBXNativeTarget "StatusBarTests" */;
			buildPhases = (
				F250CBA71F06462900EEE615 /* Sources */,
				F250CBA81F06462900EEE615 /* Frameworks */,
				F250CBA91F06462900EEE615 /* Resources */,
			);
			buildRules = (
			);
			dependencies = (
				F250CBAD1F06462900EEE615 /* PBXTargetDependency */,
			);
			name = StatusBarTests;
			productName = StatusBarTests;
			productReference = F250CBAB1F06462900EEE615 /* StatusBarTests.xctest */;
			productType = "com.apple.product-type.bundle.unit-test";
		};
		F250CBB51F06462900EEE615 /* StatusBarUITests */ = {
			isa = PBXNativeTarget;
			buildConfigurationList = F250CBC51F06462900EEE615 /* Build configuration list for PBXNativeTarget "StatusBarUITests" */;
			buildPhases = (
				F250CBB21F06462900EEE615 /* Sources */,
				F250CBB31F06462900EEE615 /* Frameworks */,
				F250CBB41F06462900EEE615 /* Resources */,
			);
			buildRules = (
			);
			dependencies = (
				F250CBB81F06462900EEE615 /* PBXTargetDependency */,
			);
			name = StatusBarUITests;
			productName = StatusBarUITests;
			productReference = F250CBB61F06462900EEE615 /* StatusBarUITests.xctest */;
			productType = "com.apple.product-type.bundle.ui-testing";
		};
/* End PBXNativeTarget section */

/* Begin PBXProject section */
		F250CB8F1F06462900EEE615 /* Project object */ = {
			isa = PBXProject;
			attributes = {
				LastSwiftUpdateCheck = 0830;
				LastUpgradeCheck = 0910;
				ORGANIZATIONNAME = " Erik Maximilian Martens";
				TargetAttributes = {
					F250CB961F06462900EEE615 = {
						CreatedOnToolsVersion = 8.3.2;
						DevelopmentTeam = K9UPH3NRK2;
						LastSwiftMigration = 0910;
						ProvisioningStyle = Automatic;
					};
					F250CBAA1F06462900EEE615 = {
						CreatedOnToolsVersion = 8.3.2;
						DevelopmentTeam = K9UPH3NRK2;
						LastSwiftMigration = 0910;
						ProvisioningStyle = Automatic;
						TestTargetID = F250CB961F06462900EEE615;
					};
					F250CBB51F06462900EEE615 = {
						CreatedOnToolsVersion = 8.3.2;
						DevelopmentTeam = K9UPH3NRK2;
						LastSwiftMigration = 0910;
						ProvisioningStyle = Automatic;
						TestTargetID = F250CB961F06462900EEE615;
					};
				};
			};
			buildConfigurationList = F250CB921F06462900EEE615 /* Build configuration list for PBXProject "StatusBar" */;
			compatibilityVersion = "Xcode 3.2";
			developmentRegion = English;
			hasScannedForEncodings = 0;
			knownRegions = (
				en,
				Base,
			);
			mainGroup = F250CB8E1F06462900EEE615;
			productRefGroup = F250CB981F06462900EEE615 /* Products */;
			projectDirPath = "";
			projectRoot = "";
			targets = (
				F250CB961F06462900EEE615 /* StatusBar */,
				F250CBAA1F06462900EEE615 /* StatusBarTests */,
				F250CBB51F06462900EEE615 /* StatusBarUITests */,
			);
		};
/* End PBXProject section */

/* Begin PBXResourcesBuildPhase section */
		F250CB951F06462900EEE615 /* Resources */ = {
			isa = PBXResourcesBuildPhase;
			buildActionMask = 2147483647;
			files = (
				F250CBA51F06462900EEE615 /* LaunchScreen.storyboard in Resources */,
				F250CBA21F06462900EEE615 /* Assets.xcassets in Resources */,
				F250CBA01F06462900EEE615 /* Main.storyboard in Resources */,
			);
			runOnlyForDeploymentPostprocessing = 0;
		};
		F250CBA91F06462900EEE615 /* Resources */ = {
			isa = PBXResourcesBuildPhase;
			buildActionMask = 2147483647;
			files = (
			);
			runOnlyForDeploymentPostprocessing = 0;
		};
		F250CBB41F06462900EEE615 /* Resources */ = {
			isa = PBXResourcesBuildPhase;
			buildActionMask = 2147483647;
			files = (
			);
			runOnlyForDeploymentPostprocessing = 0;
		};
/* End PBXResourcesBuildPhase section */

/* Begin PBXSourcesBuildPhase section */
		F250CB931F06462900EEE615 /* Sources */ = {
			isa = PBXSourcesBuildPhase;
			buildActionMask = 2147483647;
			files = (
				F250CB9D1F06462900EEE615 /* MasterViewController.swift in Sources */,
				F250CB9B1F06462900EEE615 /* AppDelegate.swift in Sources */,
				F250CBC91F0646E300EEE615 /* DetailViewController.swift in Sources */,
			);
			runOnlyForDeploymentPostprocessing = 0;
		};
		F250CBA71F06462900EEE615 /* Sources */ = {
			isa = PBXSourcesBuildPhase;
			buildActionMask = 2147483647;
			files = (
				F250CBB01F06462900EEE615 /* StatusBarTests.swift in Sources */,
			);
			runOnlyForDeploymentPostprocessing = 0;
		};
		F250CBB21F06462900EEE615 /* Sources */ = {
			isa = PBXSourcesBuildPhase;
			buildActionMask = 2147483647;
			files = (
				F250CBBB1F06462900EEE615 /* StatusBarUITests.swift in Sources */,
			);
			runOnlyForDeploymentPostprocessing = 0;
		};
/* End PBXSourcesBuildPhase section */

/* Begin PBXTargetDependency section */
		F250CBAD1F06462900EEE615 /* PBXTargetDependency */ = {
			isa = PBXTargetDependency;
			target = F250CB961F06462900EEE615 /* StatusBar */;
			targetProxy = F250CBAC1F06462900EEE615 /* PBXContainerItemProxy */;
		};
		F250CBB81F06462900EEE615 /* PBXTargetDependency */ = {
			isa = PBXTargetDependency;
			target = F250CB961F06462900EEE615 /* StatusBar */;
			targetProxy = F250CBB71F06462900EEE615 /* PBXContainerItemProxy */;
		};
/* End PBXTargetDependency section */

/* Begin PBXVariantGroup section */
		F250CB9E1F06462900EEE615 /* Main.storyboard */ = {
			isa = PBXVariantGroup;
			children = (
				F250CB9F1F06462900EEE615 /* Base */,
			);
			name = Main.storyboard;
			sourceTree = "<group>";
		};
		F250CBA31F06462900EEE615 /* LaunchScreen.storyboard */ = {
			isa = PBXVariantGroup;
			children = (
				F250CBA41F06462900EEE615 /* Base */,
			);
			name = LaunchScreen.storyboard;
			sourceTree = "<group>";
		};
/* End PBXVariantGroup section */

/* Begin XCBuildConfiguration section */
		F250CBBD1F06462900EEE615 /* Debug */ = {
			isa = XCBuildConfiguration;
			buildSettings = {
				ALWAYS_SEARCH_USER_PATHS = NO;
				CLANG_ANALYZER_NONNULL = YES;
				CLANG_ANALYZER_NUMBER_OBJECT_CONVERSION = YES_AGGRESSIVE;
				CLANG_CXX_LANGUAGE_STANDARD = "gnu++0x";
				CLANG_CXX_LIBRARY = "libc++";
				CLANG_ENABLE_MODULES = YES;
				CLANG_ENABLE_OBJC_ARC = YES;
				CLANG_WARN_BLOCK_CAPTURE_AUTORELEASING = YES;
				CLANG_WARN_BOOL_CONVERSION = YES;
				CLANG_WARN_COMMA = YES;
				CLANG_WARN_CONSTANT_CONVERSION = YES;
				CLANG_WARN_DIRECT_OBJC_ISA_USAGE = YES_ERROR;
				CLANG_WARN_DOCUMENTATION_COMMENTS = YES;
				CLANG_WARN_EMPTY_BODY = YES;
				CLANG_WARN_ENUM_CONVERSION = YES;
				CLANG_WARN_INFINITE_RECURSION = YES;
				CLANG_WARN_INT_CONVERSION = YES;
				CLANG_WARN_NON_LITERAL_NULL_CONVERSION = YES;
				CLANG_WARN_OBJC_LITERAL_CONVERSION = YES;
				CLANG_WARN_OBJC_ROOT_CLASS = YES_ERROR;
				CLANG_WARN_RANGE_LOOP_ANALYSIS = YES;
				CLANG_WARN_STRICT_PROTOTYPES = YES;
				CLANG_WARN_SUSPICIOUS_MOVE = YES;
				CLANG_WARN_UNREACHABLE_CODE = YES;
				CLANG_WARN__DUPLICATE_METHOD_MATCH = YES;
				"CODE_SIGN_IDENTITY[sdk=iphoneos*]" = "iPhone Developer";
				COPY_PHASE_STRIP = NO;
				DEBUG_INFORMATION_FORMAT = dwarf;
				ENABLE_STRICT_OBJC_MSGSEND = YES;
				ENABLE_TESTABILITY = YES;
				GCC_C_LANGUAGE_STANDARD = gnu99;
				GCC_DYNAMIC_NO_PIC = NO;
				GCC_NO_COMMON_BLOCKS = YES;
				GCC_OPTIMIZATION_LEVEL = 0;
				GCC_PREPROCESSOR_DEFINITIONS = (
					"DEBUG=1",
					"$(inherited)",
				);
				GCC_WARN_64_TO_32_BIT_CONVERSION = YES;
				GCC_WARN_ABOUT_RETURN_TYPE = YES_ERROR;
				GCC_WARN_UNDECLARED_SELECTOR = YES;
				GCC_WARN_UNINITIALIZED_AUTOS = YES_AGGRESSIVE;
				GCC_WARN_UNUSED_FUNCTION = YES;
				GCC_WARN_UNUSED_VARIABLE = YES;
				IPHONEOS_DEPLOYMENT_TARGET = 10.3;
				MTL_ENABLE_DEBUG_INFO = YES;
				ONLY_ACTIVE_ARCH = YES;
				SDKROOT = iphoneos;
				SWIFT_ACTIVE_COMPILATION_CONDITIONS = DEBUG;
				SWIFT_OPTIMIZATION_LEVEL = "-Onone";
				TARGETED_DEVICE_FAMILY = "1,2";
			};
			name = Debug;
		};
		F250CBBE1F06462900EEE615 /* Release */ = {
			isa = XCBuildConfiguration;
			buildSettings = {
				ALWAYS_SEARCH_USER_PATHS = NO;
				CLANG_ANALYZER_NONNULL = YES;
				CLANG_ANALYZER_NUMBER_OBJECT_CONVERSION = YES_AGGRESSIVE;
				CLANG_CXX_LANGUAGE_STANDARD = "gnu++0x";
				CLANG_CXX_LIBRARY = "libc++";
				CLANG_ENABLE_MODULES = YES;
				CLANG_ENABLE_OBJC_ARC = YES;
				CLANG_WARN_BLOCK_CAPTURE_AUTORELEASING = YES;
				CLANG_WARN_BOOL_CONVERSION = YES;
				CLANG_WARN_COMMA = YES;
				CLANG_WARN_CONSTANT_CONVERSION = YES;
				CLANG_WARN_DIRECT_OBJC_ISA_USAGE = YES_ERROR;
				CLANG_WARN_DOCUMENTATION_COMMENTS = YES;
				CLANG_WARN_EMPTY_BODY = YES;
				CLANG_WARN_ENUM_CONVERSION = YES;
				CLANG_WARN_INFINITE_RECURSION = YES;
				CLANG_WARN_INT_CONVERSION = YES;
				CLANG_WARN_NON_LITERAL_NULL_CONVERSION = YES;
				CLANG_WARN_OBJC_LITERAL_CONVERSION = YES;
				CLANG_WARN_OBJC_ROOT_CLASS = YES_ERROR;
				CLANG_WARN_RANGE_LOOP_ANALYSIS = YES;
				CLANG_WARN_STRICT_PROTOTYPES = YES;
				CLANG_WARN_SUSPICIOUS_MOVE = YES;
				CLANG_WARN_UNREACHABLE_CODE = YES;
				CLANG_WARN__DUPLICATE_METHOD_MATCH = YES;
				"CODE_SIGN_IDENTITY[sdk=iphoneos*]" = "iPhone Developer";
				COPY_PHASE_STRIP = NO;
				DEBUG_INFORMATION_FORMAT = "dwarf-with-dsym";
				ENABLE_NS_ASSERTIONS = NO;
				ENABLE_STRICT_OBJC_MSGSEND = YES;
				GCC_C_LANGUAGE_STANDARD = gnu99;
				GCC_NO_COMMON_BLOCKS = YES;
				GCC_WARN_64_TO_32_BIT_CONVERSION = YES;
				GCC_WARN_ABOUT_RETURN_TYPE = YES_ERROR;
				GCC_WARN_UNDECLARED_SELECTOR = YES;
				GCC_WARN_UNINITIALIZED_AUTOS = YES_AGGRESSIVE;
				GCC_WARN_UNUSED_FUNCTION = YES;
				GCC_WARN_UNUSED_VARIABLE = YES;
				IPHONEOS_DEPLOYMENT_TARGET = 10.3;
				MTL_ENABLE_DEBUG_INFO = NO;
				SDKROOT = iphoneos;
				SWIFT_OPTIMIZATION_LEVEL = "-Owholemodule";
				TARGETED_DEVICE_FAMILY = "1,2";
				VALIDATE_PRODUCT = YES;
			};
			name = Release;
		};
		F250CBC01F06462900EEE615 /* Debug */ = {
			isa = XCBuildConfiguration;
			buildSettings = {
				ASSETCATALOG_COMPILER_APPICON_NAME = AppIcon;
				DEVELOPMENT_TEAM = K9UPH3NRK2;
				INFOPLIST_FILE = StatusBar/Info.plist;
				IPHONEOS_DEPLOYMENT_TARGET = 10.0;
				LD_RUNPATH_SEARCH_PATHS = "$(inherited) @executable_path/Frameworks";
				PRODUCT_BUNDLE_IDENTIFIER = de.erikmartens.StatusBar;
				PRODUCT_NAME = "$(TARGET_NAME)";
				SWIFT_SWIFT3_OBJC_INFERENCE = On;
				SWIFT_VERSION = 4.0;
			};
			name = Debug;
		};
		F250CBC11F06462900EEE615 /* Release */ = {
			isa = XCBuildConfiguration;
			buildSettings = {
				ASSETCATALOG_COMPILER_APPICON_NAME = AppIcon;
				DEVELOPMENT_TEAM = K9UPH3NRK2;
				INFOPLIST_FILE = StatusBar/Info.plist;
				IPHONEOS_DEPLOYMENT_TARGET = 10.0;
				LD_RUNPATH_SEARCH_PATHS = "$(inherited) @executable_path/Frameworks";
				PRODUCT_BUNDLE_IDENTIFIER = de.erikmartens.StatusBar;
				PRODUCT_NAME = "$(TARGET_NAME)";
				SWIFT_SWIFT3_OBJC_INFERENCE = On;
				SWIFT_VERSION = 4.0;
			};
			name = Release;
		};
		F250CBC31F06462900EEE615 /* Debug */ = {
			isa = XCBuildConfiguration;
			buildSettings = {
				ALWAYS_EMBED_SWIFT_STANDARD_LIBRARIES = YES;
				BUNDLE_LOADER = "$(TEST_HOST)";
				DEVELOPMENT_TEAM = K9UPH3NRK2;
				INFOPLIST_FILE = StatusBarTests/Info.plist;
				LD_RUNPATH_SEARCH_PATHS = "$(inherited) @executable_path/Frameworks @loader_path/Frameworks";
				PRODUCT_BUNDLE_IDENTIFIER = de.erikmartens.StatusBarTests;
				PRODUCT_NAME = "$(TARGET_NAME)";
				SWIFT_SWIFT3_OBJC_INFERENCE = On;
				SWIFT_VERSION = 4.0;
				TEST_HOST = "$(BUILT_PRODUCTS_DIR)/StatusBar.app/StatusBar";
			};
			name = Debug;
		};
		F250CBC41F06462900EEE615 /* Release */ = {
			isa = XCBuildConfiguration;
			buildSettings = {
				ALWAYS_EMBED_SWIFT_STANDARD_LIBRARIES = YES;
				BUNDLE_LOADER = "$(TEST_HOST)";
				DEVELOPMENT_TEAM = K9UPH3NRK2;
				INFOPLIST_FILE = StatusBarTests/Info.plist;
				LD_RUNPATH_SEARCH_PATHS = "$(inherited) @executable_path/Frameworks @loader_path/Frameworks";
				PRODUCT_BUNDLE_IDENTIFIER = de.erikmartens.StatusBarTests;
				PRODUCT_NAME = "$(TARGET_NAME)";
				SWIFT_SWIFT3_OBJC_INFERENCE = On;
				SWIFT_VERSION = 4.0;
				TEST_HOST = "$(BUILT_PRODUCTS_DIR)/StatusBar.app/StatusBar";
			};
			name = Release;
		};
		F250CBC61F06462900EEE615 /* Debug */ = {
			isa = XCBuildConfiguration;
			buildSettings = {
				ALWAYS_EMBED_SWIFT_STANDARD_LIBRARIES = YES;
				DEVELOPMENT_TEAM = K9UPH3NRK2;
				INFOPLIST_FILE = StatusBarUITests/Info.plist;
				LD_RUNPATH_SEARCH_PATHS = "$(inherited) @executable_path/Frameworks @loader_path/Frameworks";
				PRODUCT_BUNDLE_IDENTIFIER = de.erikmartens.StatusBarUITests;
				PRODUCT_NAME = "$(TARGET_NAME)";
				SWIFT_SWIFT3_OBJC_INFERENCE = On;
				SWIFT_VERSION = 4.0;
				TEST_TARGET_NAME = StatusBar;
			};
			name = Debug;
		};
		F250CBC71F06462900EEE615 /* Release */ = {
			isa = XCBuildConfiguration;
			buildSettings = {
				ALWAYS_EMBED_SWIFT_STANDARD_LIBRARIES = YES;
				DEVELOPMENT_TEAM = K9UPH3NRK2;
				INFOPLIST_FILE = StatusBarUITests/Info.plist;
				LD_RUNPATH_SEARCH_PATHS = "$(inherited) @executable_path/Frameworks @loader_path/Frameworks";
				PRODUCT_BUNDLE_IDENTIFIER = de.erikmartens.StatusBarUITests;
				PRODUCT_NAME = "$(TARGET_NAME)";
				SWIFT_SWIFT3_OBJC_INFERENCE = On;
				SWIFT_VERSION = 4.0;
				TEST_TARGET_NAME = StatusBar;
			};
			name = Release;
		};
/* End XCBuildConfiguration section */

/* Begin XCConfigurationList section */
		F250CB921F06462900EEE615 /* Build configuration list for PBXProject "StatusBar" */ = {
			isa = XCConfigurationList;
			buildConfigurations = (
				F250CBBD1F06462900EEE615 /* Debug */,
				F250CBBE1F06462900EEE615 /* Release */,
			);
			defaultConfigurationIsVisible = 0;
			defaultConfigurationName = Release;
		};
		F250CBBF1F06462900EEE615 /* Build configuration list for PBXNativeTarget "StatusBar" */ = {
			isa = XCConfigurationList;
			buildConfigurations = (
				F250CBC01F06462900EEE615 /* Debug */,
				F250CBC11F06462900EEE615 /* Release */,
			);
			defaultConfigurationIsVisible = 0;
			defaultConfigurationName = Release;
		};
		F250CBC21F06462900EEE615 /* Build configuration list for PBXNativeTarget "StatusBarTests" */ = {
			isa = XCConfigurationList;
			buildConfigurations = (
				F250CBC31F06462900EEE615 /* Debug */,
				F250CBC41F06462900EEE615 /* Release */,
			);
			defaultConfigurationIsVisible = 0;
			defaultConfigurationName = Release;
		};
		F250CBC51F06462900EEE615 /* Build configuration list for PBXNativeTarget "StatusBarUITests" */ = {
			isa = XCConfigurationList;
			buildConfigurations = (
				F250CBC61F06462900EEE615 /* Debug */,
				F250CBC71F06462900EEE615 /* Release */,
			);
			defaultConfigurationIsVisible = 0;
			defaultConfigurationName = Release;
		};
/* End XCConfigurationList section */
	};
	rootObject = F250CB8F1F06462900EEE615 /* Project object */;
}
